
Microsoft Visual Studio Solution File, Format Version 12.00
# Visual Studio Version 17
VisualStudioVersion = 17.14.36221.1 d17.14
MinimumVisualStudioVersion = 10.0.40219.1
Project("{FAE04EC0-301F-11D3-BF4B-00C04F79EFBC}") = "mariadb", "mariadb\mariadb.csproj", "{CBC562F1-F204-4D7D-BA12-891645DB5B28}"
EndProject
Global
	GlobalSection(SolutionConfigurationPlatforms) = preSolution
		Debug|Any CPU = Debug|Any CPU
		Release|Any CPU = Release|Any CPU
	EndGlobalSection
	GlobalSection(ProjectConfigurationPlatforms) = postSolution
		{CBC562F1-F204-4D7D-BA12-891645DB5B28}.Debug|Any CPU.ActiveCfg = Debug|Any CPU
		{CBC562F1-F204-4D7D-BA12-891645DB5B28}.Debug|Any CPU.Build.0 = Debug|Any CPU
		{CBC562F1-F204-4D7D-BA12-891645DB5B28}.Release|Any CPU.ActiveCfg = Release|Any CPU
		{CBC562F1-F204-4D7D-BA12-891645DB5B28}.Release|Any CPU.Build.0 = Release|Any CPU
	EndGlobalSection
	GlobalSection(SolutionProperties) = preSolution
		HideSolutionNode = FALSE
	EndGlobalSection
	GlobalSection(ExtensibilityGlobals) = postSolution
		SolutionGuid = {563830D7-0055-4477-A952-B4FB4938AE20}
	EndGlobalSection
EndGlobal
